
Microsoft Visual Studio Solution File, Format Version 12.00
# Visual Studio Version 16
VisualStudioVersion = 16.0.31729.503
MinimumVisualStudioVersion = 10.0.40219.1
Project("{FAE04EC0-301F-11D3-BF4B-00C04F79EFBC}") = "CustomSongColor", "CustomSongColor.csproj", "{E787E948-F994-4EBA-B792-E3626EB1B612}"
EndProject
Global
	GlobalSection(SolutionConfigurationPlatforms) = preSolution
		Debug|Any CPU = Debug|Any CPU
		Release|Any CPU = Release|Any CPU
	EndGlobalSection
	GlobalSection(ProjectConfigurationPlatforms) = postSolution
		{E787E948-F994-4EBA-B792-E3626EB1B612}.Debug|Any CPU.ActiveCfg = Debug|Any CPU
		{E787E948-F994-4EBA-B792-E3626EB1B612}.Debug|Any CPU.Build.0 = Debug|Any CPU
		{E787E948-F994-4EBA-B792-E3626EB1B612}.Release|Any CPU.ActiveCfg = Release|Any CPU
		{E787E948-F994-4EBA-B792-E3626EB1B612}.Release|Any CPU.Build.0 = Release|Any CPU
	EndGlobalSection
	GlobalSection(SolutionProperties) = preSolution
		HideSolutionNode = FALSE
	EndGlobalSection
	GlobalSection(ExtensibilityGlobals) = postSolution
		SolutionGuid = {0B27EEE1-2E0C-4FDE-811E-E3729C2E4E9C}
	EndGlobalSection
EndGlobal
